lockfileVersion: '9.0'

settings:
  autoInstallPeers: false
  excludeLinksFromLockfile: false

overrides:
  '@gitsang/dsh-web-auth': link:../../../src/github.com/gitsang/dsh-web-auth

importers:

  .:
    dependencies:
      '@gitsang/dsh-web-auth':
        specifier: link:/home/sang/src/github.com/gitsang/dsh-web-auth
        version: link:../../../src/github.com/gitsang/dsh-web-auth
