lockfileVersion: '9.0'

settings:
  autoInstallPeers: false
  excludeLinksFromLockfile: false

importers:

  .:
    dependencies:
      '@gitsang/dsh-web-auth':
        specifier: github:gitsang/dsh-web-auth
        version: https://codeload.github.com/gitsang/dsh-web-auth/tar.gz/1dc41c728488bf988183125255e1e7a744445d1a

packages:

  '@gitsang/dsh-web-auth@https://codeload.github.com/gitsang/dsh-web-auth/tar.gz/1dc41c728488bf988183125255e1e7a744445d1a':
    resolution: {gitHosted: true, integrity: sha512-TFA0oXFQFJDm6E4x0XHXHVZA0Tpnil1wSaCGH+oE/BfmvtTyVKAbTNmq8JxAaj5pwJoY7Bnh6autYl7UMIIiNA==, tarball: https://codeload.github.com/gitsang/dsh-web-auth/tar.gz/1dc41c728488bf988183125255e1e7a744445d1a}
    version: 0.1.0
    peerDependencies:
      '@deepseek-ai/cordis': ^4.0.1
      '@deepseek-ai/schemastery': ^3.18.1

  bcryptjs@3.0.3:
    resolution: {integrity: sha512-GlF5wPWnSa/X5LKM1o0wz0suXIINz1iHRLvTS+sLyi7XPbe5ycmYI3DlZqVGZZtDgl4DmasFg7gOB3JYbphV5g==}
    hasBin: true

snapshots:

  '@gitsang/dsh-web-auth@https://codeload.github.com/gitsang/dsh-web-auth/tar.gz/1dc41c728488bf988183125255e1e7a744445d1a':
    dependencies:
      bcryptjs: 3.0.3

  bcryptjs@3.0.3: {}
